
Microsoft Visual Studio Solution File, Format Version 12.00
# Visual Studio Version 17
VisualStudioVersion = 17.10.35122.118
MinimumVisualStudioVersion = 10.0.40219.1
Project("{2150E333-8FDC-42A3-9474-1A3956D46DE8}") = "src", "src", "{D6E777BC-798E-44F0-9B44-F5EDE98A0D0C}"
EndProject
Project("{9A19103F-16F7-4668-BE54-9A1E7A4F7556}") = "HubScribe.APIs", "src\HubScribe.APIs\HubScribe.APIs.csproj", "{2B7D303B-546C-4E82-A786-CEACA0FC7BB9}"
EndProject
Project("{FAE04EC0-301F-11D3-BF4B-00C04F79EFBC}") = "HubScribe.Application", "src\HubScribe.Application\HubScribe.Application.csproj", "{219927A7-601D-4CDB-86EF-635F52E3A015}"
EndProject
Project("{FAE04EC0-301F-11D3-BF4B-00C04F79EFBC}") = "HubScribe.Domain", "src\HubScribe.Domain\HubScribe.Domain.csproj", "{489BC39F-4B7D-41FB-B97D-E8DD2EDEAF0F}"
EndProject
Project("{FAE04EC0-301F-11D3-BF4B-00C04F79EFBC}") = "HubScribe.Infrastructure", "src\HubScribe.Infrastructure\HubScribe.Infrastructure.csproj", "{6EBFCF68-4A1E-4718-8098-997E73BDDBA3}"
EndProject
Global
	GlobalSection(SolutionConfigurationPlatforms) = preSolution
		Debug|Any CPU = Debug|Any CPU
		Release|Any CPU = Release|Any CPU
	EndGlobalSection
	GlobalSection(ProjectConfigurationPlatforms) = postSolution
		{2B7D303B-546C-4E82-A786-CEACA0FC7BB9}.Debug|Any CPU.ActiveCfg = Debug|Any CPU
		{2B7D303B-546C-4E82-A786-CEACA0FC7BB9}.Debug|Any CPU.Build.0 = Debug|Any CPU
		{2B7D303B-546C-4E82-A786-CEACA0FC7BB9}.Release|Any CPU.ActiveCfg = Release|Any CPU
		{2B7D303B-546C-4E82-A786-CEACA0FC7BB9}.Release|Any CPU.Build.0 = Release|Any CPU
		{219927A7-601D-4CDB-86EF-635F52E3A015}.Debug|Any CPU.ActiveCfg = Debug|Any CPU
		{219927A7-601D-4CDB-86EF-635F52E3A015}.Debug|Any CPU.Build.0 = Debug|Any CPU
		{219927A7-601D-4CDB-86EF-635F52E3A015}.Release|Any CPU.ActiveCfg = Release|Any CPU
		{219927A7-601D-4CDB-86EF-635F52E3A015}.Release|Any CPU.Build.0 = Release|Any CPU
		{489BC39F-4B7D-41FB-B97D-E8DD2EDEAF0F}.Debug|Any CPU.ActiveCfg = Debug|Any CPU
		{489BC39F-4B7D-41FB-B97D-E8DD2EDEAF0F}.Debug|Any CPU.Build.0 = Debug|Any CPU
		{489BC39F-4B7D-41FB-B97D-E8DD2EDEAF0F}.Release|Any CPU.ActiveCfg = Release|Any CPU
		{489BC39F-4B7D-41FB-B97D-E8DD2EDEAF0F}.Release|Any CPU.Build.0 = Release|Any CPU
		{6EBFCF68-4A1E-4718-8098-997E73BDDBA3}.Debug|Any CPU.ActiveCfg = Debug|Any CPU
		{6EBFCF68-4A1E-4718-8098-997E73BDDBA3}.Debug|Any CPU.Build.0 = Debug|Any CPU
		{6EBFCF68-4A1E-4718-8098-997E73BDDBA3}.Release|Any CPU.ActiveCfg = Release|Any CPU
		{6EBFCF68-4A1E-4718-8098-997E73BDDBA3}.Release|Any CPU.Build.0 = Release|Any CPU
	EndGlobalSection
	GlobalSection(SolutionProperties) = preSolution
		HideSolutionNode = FALSE
	EndGlobalSection
	GlobalSection(NestedProjects) = preSolution
		{2B7D303B-546C-4E82-A786-CEACA0FC7BB9} = {D6E777BC-798E-44F0-9B44-F5EDE98A0D0C}
		{219927A7-601D-4CDB-86EF-635F52E3A015} = {D6E777BC-798E-44F0-9B44-F5EDE98A0D0C}
		{489BC39F-4B7D-41FB-B97D-E8DD2EDEAF0F} = {D6E777BC-798E-44F0-9B44-F5EDE98A0D0C}
		{6EBFCF68-4A1E-4718-8098-997E73BDDBA3} = {D6E777BC-798E-44F0-9B44-F5EDE98A0D0C}
	EndGlobalSection
	GlobalSection(ExtensibilityGlobals) = postSolution
		SolutionGuid = {ADEB59F4-9495-43CE-AC17-B8AB5766360D}
	EndGlobalSection
EndGlobal
